
Microsoft Visual Studio Solution File, Format Version 12.00
# Visual Studio Version 17
VisualStudioVersion = 17.6.33829.357
MinimumVisualStudioVersion = 10.0.40219.1
Project("{9A19103F-16F7-4668-BE54-9A1E7A4F7556}") = "StowageApp.Server", "Server\StowageApp.Server.csproj", "{F00BD41C-FE02-44DB-8206-06ABDEA383FA}"
EndProject
Project("{9A19103F-16F7-4668-BE54-9A1E7A4F7556}") = "StowageApp.Client", "Client\StowageApp.Client.csproj", "{B8F4E09D-A77A-4DDC-BDB9-026EE2870E86}"
EndProject
Project("{9A19103F-16F7-4668-BE54-9A1E7A4F7556}") = "StowageApp.Shared", "Shared\StowageApp.Shared.csproj", "{D49F0C2C-97F7-4CBF-B40C-74383B94A870}"
EndProject
Global
	GlobalSection(SolutionConfigurationPlatforms) = preSolution
		Debug|Any CPU = Debug|Any CPU
		Release|Any CPU = Release|Any CPU
	EndGlobalSection
	GlobalSection(ProjectConfigurationPlatforms) = postSolution
		{F00BD41C-FE02-44DB-8206-06ABDEA383FA}.Debug|Any CPU.ActiveCfg = Debug|Any CPU
		{F00BD41C-FE02-44DB-8206-06ABDEA383FA}.Debug|Any CPU.Build.0 = Debug|Any CPU
		{F00BD41C-FE02-44DB-8206-06ABDEA383FA}.Release|Any CPU.ActiveCfg = Release|Any CPU
		{F00BD41C-FE02-44DB-8206-06ABDEA383FA}.Release|Any CPU.Build.0 = Release|Any CPU
		{B8F4E09D-A77A-4DDC-BDB9-026EE2870E86}.Debug|Any CPU.ActiveCfg = Debug|Any CPU
		{B8F4E09D-A77A-4DDC-BDB9-026EE2870E86}.Debug|Any CPU.Build.0 = Debug|Any CPU
		{B8F4E09D-A77A-4DDC-BDB9-026EE2870E86}.Release|Any CPU.ActiveCfg = Release|Any CPU
		{B8F4E09D-A77A-4DDC-BDB9-026EE2870E86}.Release|Any CPU.Build.0 = Release|Any CPU
		{D49F0C2C-97F7-4CBF-B40C-74383B94A870}.Debug|Any CPU.ActiveCfg = Debug|Any CPU
		{D49F0C2C-97F7-4CBF-B40C-74383B94A870}.Debug|Any CPU.Build.0 = Debug|Any CPU
		{D49F0C2C-97F7-4CBF-B40C-74383B94A870}.Release|Any CPU.ActiveCfg = Release|Any CPU
		{D49F0C2C-97F7-4CBF-B40C-74383B94A870}.Release|Any CPU.Build.0 = Release|Any CPU
	EndGlobalSection
	GlobalSection(SolutionProperties) = preSolution
		HideSolutionNode = FALSE
	EndGlobalSection
	GlobalSection(ExtensibilityGlobals) = postSolution
		SolutionGuid = {376B8947-2729-42C2-88F3-80F462FE92ED}
	EndGlobalSection
EndGlobal
